
Microsoft Visual Studio Solution File, Format Version 12.00
# Visual Studio Version 17
VisualStudioVersion = 17.6.33815.320
MinimumVisualStudioVersion = 10.0.40219.1
Project("{FAE04EC0-301F-11D3-BF4B-00C04F79EFBC}") = "ConsoleAppEval", "ConsoleAppEval\ConsoleAppEval.csproj", "{9DB421AD-EC13-46B8-972F-CBD55B2C4473}"
EndProject
Global
	GlobalSection(SolutionConfigurationPlatforms) = preSolution
		Debug|Any CPU = Debug|Any CPU
		Release|Any CPU = Release|Any CPU
	EndGlobalSection
	GlobalSection(ProjectConfigurationPlatforms) = postSolution
		{9DB421AD-EC13-46B8-972F-CBD55B2C4473}.Debug|Any CPU.ActiveCfg = Debug|Any CPU
		{9DB421AD-EC13-46B8-972F-CBD55B2C4473}.Debug|Any CPU.Build.0 = Debug|Any CPU
		{9DB421AD-EC13-46B8-972F-CBD55B2C4473}.Release|Any CPU.ActiveCfg = Release|Any CPU
		{9DB421AD-EC13-46B8-972F-CBD55B2C4473}.Release|Any CPU.Build.0 = Release|Any CPU
	EndGlobalSection
	GlobalSection(SolutionProperties) = preSolution
		HideSolutionNode = FALSE
	EndGlobalSection
	GlobalSection(ExtensibilityGlobals) = postSolution
		SolutionGuid = {6A0463E4-ADC2-48C1-BFE9-F8026C6D6B38}
	EndGlobalSection
EndGlobal
